
Microsoft Visual Studio Solution File, Format Version 12.00
# Visual Studio 15
VisualStudioVersion = 15.0.28307.421
MinimumVisualStudioVersion = 10.0.40219.1
Project("{FAE04EC0-301F-11D3-BF4B-00C04F79EFBC}") = "car_rental_project", "car_rental_project\car_rental_project.csproj", "{BA78FA04-1A5F-4C4B-BEBA-52EE1EA76232}"
EndProject
Global
	GlobalSection(SolutionConfigurationPlatforms) = preSolution
		Debug|Any CPU = Debug|Any CPU
		Release|Any CPU = Release|Any CPU
	EndGlobalSection
	GlobalSection(ProjectConfigurationPlatforms) = postSolution
		{BA78FA04-1A5F-4C4B-BEBA-52EE1EA76232}.Debug|Any CPU.ActiveCfg = Debug|Any CPU
		{BA78FA04-1A5F-4C4B-BEBA-52EE1EA76232}.Debug|Any CPU.Build.0 = Debug|Any CPU
		{BA78FA04-1A5F-4C4B-BEBA-52EE1EA76232}.Release|Any CPU.ActiveCfg = Release|Any CPU
		{BA78FA04-1A5F-4C4B-BEBA-52EE1EA76232}.Release|Any CPU.Build.0 = Release|Any CPU
	EndGlobalSection
	GlobalSection(SolutionProperties) = preSolution
		HideSolutionNode = FALSE
	EndGlobalSection
	GlobalSection(ExtensibilityGlobals) = postSolution
		SolutionGuid = {CB428883-4134-49CB-B585-F5A08E644CE2}
	EndGlobalSection
EndGlobal
